
Microsoft Visual Studio Solution File, Format Version 12.00
Project("{2150E333-8FDC-42A3-9474-1A3956D46DE8}") = ".paket", ".paket", "{AB1680A9-D96D-4EA3-B473-1AD901553E99}"
	ProjectSection(SolutionItems) = preProject
		paket.dependencies = paket.dependencies
	EndProjectSection
EndProject
Project("{2150E333-8FDC-42A3-9474-1A3956D46DE8}") = "Solution Items", "Solution Items", "{268595C7-F542-4261-A2FF-58E275A88CC0}"
	ProjectSection(SolutionItems) = preProject
		.gitignore = .gitignore
		README.md = README.md
		.dockerignore = .dockerignore
	EndProjectSection
EndProject
Project("{FAE04EC0-301F-11D3-BF4B-00C04F79EFBC}") = "AssociationRegistry.KboMutations.Fetcher", "src\AssociationRegistry.KboMutations.Fetcher\AssociationRegistry.KboMutations.Fetcher.csproj", "{EBA29596-DA6F-48B8-BB4A-FC49D7AD0790}"
EndProject
Project("{2150E333-8FDC-42A3-9474-1A3956D46DE8}") = ".github", ".github", "{26FCD4EA-8B49-4F8E-8E68-C63576940F0C}"
EndProject
Project("{2150E333-8FDC-42A3-9474-1A3956D46DE8}") = "workflows", "workflows", "{9782E370-0162-43D1-B446-49564347E856}"
	ProjectSection(SolutionItems) = preProject
		.github\workflows\main.yml = .github\workflows\main.yml
	EndProjectSection
EndProject
Global
	GlobalSection(SolutionConfigurationPlatforms) = preSolution
		Debug|Any CPU = Debug|Any CPU
		Release|Any CPU = Release|Any CPU
	EndGlobalSection
	GlobalSection(ProjectConfigurationPlatforms) = postSolution
		{EBA29596-DA6F-48B8-BB4A-FC49D7AD0790}.Debug|Any CPU.ActiveCfg = Debug|Any CPU
		{EBA29596-DA6F-48B8-BB4A-FC49D7AD0790}.Debug|Any CPU.Build.0 = Debug|Any CPU
		{EBA29596-DA6F-48B8-BB4A-FC49D7AD0790}.Release|Any CPU.ActiveCfg = Release|Any CPU
		{EBA29596-DA6F-48B8-BB4A-FC49D7AD0790}.Release|Any CPU.Build.0 = Release|Any CPU
	EndGlobalSection
	GlobalSection(NestedProjects) = preSolution
		{9782E370-0162-43D1-B446-49564347E856} = {26FCD4EA-8B49-4F8E-8E68-C63576940F0C}
	EndGlobalSection
EndGlobal
